
Microsoft Visual Studio Solution File, Format Version 12.00
# Visual Studio Version 16
VisualStudioVersion = 16.0.31911.196
MinimumVisualStudioVersion = 10.0.40219.1
Project("{FAE04EC0-301F-11D3-BF4B-00C04F79EFBC}") = "Kantor_WebAPI", "Kantor_WebAPI\Kantor_WebAPI.csproj", "{716B3439-FD24-4179-8217-7A408D4015E1}"
EndProject
Global
	GlobalSection(SolutionConfigurationPlatforms) = preSolution
		Debug|Any CPU = Debug|Any CPU
		Release|Any CPU = Release|Any CPU
	EndGlobalSection
	GlobalSection(ProjectConfigurationPlatforms) = postSolution
		{716B3439-FD24-4179-8217-7A408D4015E1}.Debug|Any CPU.ActiveCfg = Debug|Any CPU
		{716B3439-FD24-4179-8217-7A408D4015E1}.Debug|Any CPU.Build.0 = Debug|Any CPU
		{716B3439-FD24-4179-8217-7A408D4015E1}.Release|Any CPU.ActiveCfg = Release|Any CPU
		{716B3439-FD24-4179-8217-7A408D4015E1}.Release|Any CPU.Build.0 = Release|Any CPU
	EndGlobalSection
	GlobalSection(SolutionProperties) = preSolution
		HideSolutionNode = FALSE
	EndGlobalSection
	GlobalSection(ExtensibilityGlobals) = postSolution
		SolutionGuid = {C571C8E3-1096-4951-89A3-FA3EAB5EE509}
	EndGlobalSection
EndGlobal
